
Microsoft Visual Studio Solution File, Format Version 12.00
# Visual Studio 15
VisualStudioVersion = 15.0.27130.2027
MinimumVisualStudioVersion = 10.0.40219.1
Project("{9A19103F-16F7-4668-BE54-9A1E7A4F7556}") = "Practeece.GolfHoles", "Practeece.GolfHoles\Practeece.GolfHoles.csproj", "{F32E414A-0CE9-42DF-9496-B380B8566537}"
EndProject
Project("{FAE04EC0-301F-11D3-BF4B-00C04F79EFBC}") = "Practeece.GolfHoles.Tests", "Practeece.GolfHoles.Tests\Practeece.GolfHoles.Tests.csproj", "{954FE7D5-4192-4AF6-973B-AE64BF94CA09}"
EndProject
Global
	GlobalSection(SolutionConfigurationPlatforms) = preSolution
		Debug|Any CPU = Debug|Any CPU
		Release|Any CPU = Release|Any CPU
	EndGlobalSection
	GlobalSection(ProjectConfigurationPlatforms) = postSolution
		{F32E414A-0CE9-42DF-9496-B380B8566537}.Debug|Any CPU.ActiveCfg = Debug|Any CPU
		{F32E414A-0CE9-42DF-9496-B380B8566537}.Debug|Any CPU.Build.0 = Debug|Any CPU
		{F32E414A-0CE9-42DF-9496-B380B8566537}.Release|Any CPU.ActiveCfg = Release|Any CPU
		{F32E414A-0CE9-42DF-9496-B380B8566537}.Release|Any CPU.Build.0 = Release|Any CPU
		{954FE7D5-4192-4AF6-973B-AE64BF94CA09}.Debug|Any CPU.ActiveCfg = Debug|Any CPU
		{954FE7D5-4192-4AF6-973B-AE64BF94CA09}.Debug|Any CPU.Build.0 = Debug|Any CPU
		{954FE7D5-4192-4AF6-973B-AE64BF94CA09}.Release|Any CPU.ActiveCfg = Release|Any CPU
		{954FE7D5-4192-4AF6-973B-AE64BF94CA09}.Release|Any CPU.Build.0 = Release|Any CPU
	EndGlobalSection
	GlobalSection(SolutionProperties) = preSolution
		HideSolutionNode = FALSE
	EndGlobalSection
	GlobalSection(ExtensibilityGlobals) = postSolution
		SolutionGuid = {76E2C43F-71FC-4D8B-B80C-3B7B72B6C100}
	EndGlobalSection
EndGlobal
